{
  "version": 1,
  "dependencies": {
    ".NETCoreApp,Version=v2.1": {
      "CsvHelper": {
        "type": "Direct",
        "requested": "[12.1.2, )",
        "resolved": "12.1.2",
        "contentHash": "SpMsKw74xuAMsYZ+tSQsHF9UYlZm6E+LBSwDPukGCy1dYLVJwM6ZR7gFhKWDMh7OR/1ba8t4UV/RraMJKx+mog==",
        "dependencies": {
          "Microsoft.CSharp": "4.4.0",
          "System.Reflection.TypeExtensions": "4.4.0"
        }
      },
      "Dapper": {
        "type": "Direct",
        "requested": "[1.60.6, )",
        "resolved": "1.60.6",
        "contentHash": "mmnJNhKMeF2KhvVXDoVQlFxre8aJAo71YBJrKqFlvuqzYC2QiXUq94/GCDBJzU7paq4GqpkV2glw3308TcGibw==",
        "dependencies": {
          "System.Data.SqlClient": "4.4.0",
          "System.Reflection.Emit.Lightweight": "4.3.0",
          "System.Reflection.TypeExtensions": "4.4.0"
        }
      },
      "Microsoft.ApplicationInsights.AspNetCore": {
        "type": "Direct",
        "requested": "[2.5.1, )",
        "resolved": "2.5.1",
        "contentHash": "uEPofuo3OBNRuwJEJGm/yihtlK7ymvlAqmyGrKAcbWwYYrGgNjMyx8zfGWtkBUCV2cZlZITNqeN2AIVeiNVVtg==",
        "dependencies": {
          "Microsoft.ApplicationInsights": "2.8.1",
          "Microsoft.ApplicationInsights.DependencyCollector": "2.8.1",
          "Microsoft.ApplicationInsights.PerfCounterCollector": "2.8.1",
          "Microsoft.ApplicationInsights.WindowsServer": "2.8.1",
          "Microsoft.ApplicationInsights.WindowsServer.TelemetryChannel": "2.8.1",
          "Microsoft.AspNetCore.Hosting": "1.0.2",
          "Microsoft.Extensions.Configuration": "1.0.2",
          "Microsoft.Extensions.Configuration.Json": "1.0.2",
          "Microsoft.Extensions.DiagnosticAdapter": "1.0.2",
          "Microsoft.Extensions.Logging.Abstractions": "1.0.2",
          "NETStandard.Library": "1.6.1",
          "System.Diagnostics.DiagnosticSource": "4.5.0",
          "System.Net.NameResolution": "4.3.0",
          "System.Text.Encodings.Web": "4.3.1"
        }
      },
      "Microsoft.AspNetCore.App": {
        "type": "Direct",
        "requested": "[2.1.1, )",
        "resolved": "2.1.1",
        "contentHash": "PR5ozWADVe9vPfJj5gbp+JRMKu/6q8Mc6Sq0S1wLJITXDcVzsXYEvmVVS+bBXkJtlIqenNPsEcDSX2oKBJsvsQ==",
        "dependencies": {
          "Microsoft.AspNet.WebApi.Client": "[5.2.6, 5.3.0)",
          "Microsoft.AspNetCore": "[2.1.1, 2.2.0)",
          "Microsoft.AspNetCore.Antiforgery": "[2.1.1, 2.2.0)",
          "Microsoft.AspNetCore.Authentication": "[2.1.1, 2.2.0)",
          "Microsoft.AspNetCore.Authentication.Abstractions": "[2.1.1, 2.2.0)",
          "Microsoft.AspNetCore.Authentication.Cookies": "[2.1.1, 2.2.0)",
          "Microsoft.AspNetCore.Authentication.Core": "[2.1.1, 2.2.0)",
          "Microsoft.AspNetCore.Authentication.Facebook": "[2.1.1, 2.2.0)",
          "Microsoft.AspNetCore.Authentication.Google": "[2.1.1, 2.2.0)",
          "Microsoft.AspNetCore.Authentication.JwtBearer": "[2.1.1, 2.2.0)",
          "Microsoft.AspNetCore.Authentication.MicrosoftAccount": "[2.1.1, 2.2.0)",
          "Microsoft.AspNetCore.Authentication.OAuth": "[2.1.1, 2.2.0)",
          "Microsoft.AspNetCore.Authentication.OpenIdConnect": "[2.1.1, 2.2.0)",
          "Microsoft.AspNetCore.Authentication.Twitter": "[2.1.1, 2.2.0)",
          "Microsoft.AspNetCore.Authentication.WsFederation": "[2.1.1, 2.2.0)",
          "Microsoft.AspNetCore.Authorization": "[2.1.1, 2.2.0)",
          "Microsoft.AspNetCore.Authorization.Policy": "[2.1.1, 2.2.0)",
          "Microsoft.AspNetCore.Connections.Abstractions": "[2.1.1, 2.2.0)",
          "Microsoft.AspNetCore.CookiePolicy": "[2.1.1, 2.2.0)",
          "Microsoft.AspNetCore.Cors": "[2.1.1, 2.2.0)",
          "Microsoft.AspNetCore.Cryptography.Internal": "[2.1.1, 2.2.0)",
          "Microsoft.AspNetCore.Cryptography.KeyDerivation": "[2.1.1, 2.2.0)",
          "Microsoft.AspNetCore.DataProtection": "[2.1.1, 2.2.0)",
          "Microsoft.AspNetCore.DataProtection.Abstractions": "[2.1.1, 2.2.0)",
          "Microsoft.AspNetCore.DataProtection.Extensions": "[2.1.1, 2.2.0)",
          "Microsoft.AspNetCore.Diagnostics": "[2.1.1, 2.2.0)",
          "Microsoft.AspNetCore.Diagnostics.Abstractions": "[2.1.1, 2.2.0)",
          "Microsoft.AspNetCore.Diagnostics.EntityFrameworkCore": "[2.1.1, 2.2.0)",
          "Microsoft.AspNetCore.HostFiltering": "[2.1.1, 2.2.0)",
          "Microsoft.AspNetCore.Hosting": "[2.1.1, 2.2.0)",
          "Microsoft.AspNetCore.Hosting.Abstractions": "[2.1.1, 2.2.0)",
          "Microsoft.AspNetCore.Hosting.Server.Abstractions": "[2.1.1, 2.2.0)",
          "Microsoft.AspNetCore.Html.Abstractions": "[2.1.1, 2.2.0)",
          "Microsoft.AspNetCore.Http": "[2.1.1, 2.2.0)",
          "Microsoft.AspNetCore.Http.Abstractions": "[2.1.1, 2.2.0)",
          "Microsoft.AspNetCore.Http.Connections": "[1.0.1, 1.1.0)",
          "Microsoft.AspNetCore.Http.Connections.Common": "[1.0.1, 1.1.0)",
          "Microsoft.AspNetCore.Http.Extensions": "[2.1.1, 2.2.0)",
          "Microsoft.AspNetCore.Http.Features": "[2.1.1, 2.2.0)",
          "Microsoft.AspNetCore.HttpOverrides": "[2.1.1, 2.2.0)",
          "Microsoft.AspNetCore.HttpsPolicy": "[2.1.1, 2.2.0)",
          "Microsoft.AspNetCore.Identity": "[2.1.1, 2.2.0)",
          "Microsoft.AspNetCore.Identity.EntityFrameworkCore": "[2.1.1, 2.2.0)",
          "Microsoft.AspNetCore.Identity.UI": "[2.1.1, 2.2.0)",
          "Microsoft.AspNetCore.JsonPatch": "[2.1.1, 2.2.0)",
          "Microsoft.AspNetCore.Localization": "[2.1.1, 2.2.0)",
          "Microsoft.AspNetCore.Localization.Routing": "[2.1.1, 2.2.0)",
          "Microsoft.AspNetCore.MiddlewareAnalysis": "[2.1.1, 2.2.0)",
          "Microsoft.AspNetCore.Mvc": "[2.1.1, 2.2.0)",
          "Microsoft.AspNetCore.Mvc.Abstractions": "[2.1.1, 2.2.0)",
          "Microsoft.AspNetCore.Mvc.Analyzers": "[2.1.1, 2.2.0)",
          "Microsoft.AspNetCore.Mvc.ApiExplorer": "[2.1.1, 2.2.0)",
          "Microsoft.AspNetCore.Mvc.Core": "[2.1.1, 2.2.0)",
          "Microsoft.AspNetCore.Mvc.Cors": "[2.1.1, 2.2.0)",
          "Microsoft.AspNetCore.Mvc.DataAnnotations": "[2.1.1, 2.2.0)",
          "Microsoft.AspNetCore.Mvc.Formatters.Json": "[2.1.1, 2.2.0)",
          "Microsoft.AspNetCore.Mvc.Formatters.Xml": "[2.1.1, 2.2.0)",
          "Microsoft.AspNetCore.Mvc.Localization": "[2.1.1, 2.2.0)",
          "Microsoft.AspNetCore.Mvc.Razor": "[2.1.1, 2.2.0)",
          "Microsoft.AspNetCore.Mvc.Razor.Extensions": "[2.1.1, 2.2.0)",
          "Microsoft.AspNetCore.Mvc.Razor.ViewCompilation": "[2.1.1, 2.2.0)",
          "Microsoft.AspNetCore.Mvc.RazorPages": "[2.1.1, 2.2.0)",
          "Microsoft.AspNetCore.Mvc.TagHelpers": "[2.1.1, 2.2.0)",
          "Microsoft.AspNetCore.Mvc.ViewFeatures": "[2.1.1, 2.2.0)",
          "Microsoft.AspNetCore.NodeServices": "[2.1.1, 2.2.0)",
          "Microsoft.AspNetCore.Owin": "[2.1.1, 2.2.0)",
          "Microsoft.AspNetCore.Razor": "[2.1.1, 2.2.0)",
          "Microsoft.AspNetCore.Razor.Design": "[2.1.1, 2.2.0)",
          "Microsoft.AspNetCore.Razor.Language": "[2.1.1, 2.2.0)",
          "Microsoft.AspNetCore.Razor.Runtime": "[2.1.1, 2.2.0)",
          "Microsoft.AspNetCore.ResponseCaching": "[2.1.1, 2.2.0)",
          "Microsoft.AspNetCore.ResponseCaching.Abstractions": "[2.1.1, 2.2.0)",
          "Microsoft.AspNetCore.ResponseCompression": "[2.1.1, 2.2.0)",
          "Microsoft.AspNetCore.Rewrite": "[2.1.1, 2.2.0)",
          "Microsoft.AspNetCore.Routing": "[2.1.1, 2.2.0)",
          "Microsoft.AspNetCore.Routing.Abstractions": "[2.1.1, 2.2.0)",
          "Microsoft.AspNetCore.Server.HttpSys": "[2.1.1, 2.2.0)",
          "Microsoft.AspNetCore.Server.IISIntegration": "[2.1.1, 2.2.0)",
          "Microsoft.AspNetCore.Server.Kestrel": "[2.1.1, 2.2.0)",
          "Microsoft.AspNetCore.Server.Kestrel.Core": "[2.1.1, 2.2.0)",
          "Microsoft.AspNetCore.Server.Kestrel.Https": "[2.1.1, 2.2.0)",
          "Microsoft.AspNetCore.Server.Kestrel.Transport.Abstractions": "[2.1.1, 2.2.0)",
          "Microsoft.AspNetCore.Server.Kestrel.Transport.Sockets": "[2.1.1, 2.2.0)",
          "Microsoft.AspNetCore.Session": "[2.1.1, 2.2.0)",
          "Microsoft.AspNetCore.SignalR": "[1.0.1, 1.1.0)",
          "Microsoft.AspNetCore.SignalR.Common": "[1.0.1, 1.1.0)",
          "Microsoft.AspNetCore.SignalR.Core": "[1.0.1, 1.1.0)",
          "Microsoft.AspNetCore.SignalR.Protocols.Json": "[1.0.1, 1.1.0)",
          "Microsoft.AspNetCore.SpaServices": "[2.1.1, 2.2.0)",
          "Microsoft.AspNetCore.SpaServices.Extensions": "[2.1.1, 2.2.0)",
          "Microsoft.AspNetCore.StaticFiles": "[2.1.1, 2.2.0)",
          "Microsoft.AspNetCore.WebSockets": "[2.1.1, 2.2.0)",
          "Microsoft.AspNetCore.WebUtilities": "[2.1.1, 2.2.0)",
          "Microsoft.CodeAnalysis.Razor": "[2.1.1, 2.2.0)",
          "Microsoft.EntityFrameworkCore": "[2.1.1, 2.2.0)",
          "Microsoft.EntityFrameworkCore.Abstractions": "[2.1.1, 2.2.0)",
          "Microsoft.EntityFrameworkCore.Analyzers": "[2.1.1, 2.2.0)",
          "Microsoft.EntityFrameworkCore.Design": "[2.1.1, 2.2.0)",
          "Microsoft.EntityFrameworkCore.InMemory": "[2.1.1, 2.2.0)",
          "Microsoft.EntityFrameworkCore.Relational": "[2.1.1, 2.2.0)",
          "Microsoft.EntityFrameworkCore.SqlServer": "[2.1.1, 2.2.0)",
          "Microsoft.EntityFrameworkCore.Tools": "[2.1.1, 2.2.0)",
          "Microsoft.Extensions.Caching.Abstractions": "[2.1.1, 2.2.0)",
          "Microsoft.Extensions.Caching.Memory": "[2.1.1, 2.2.0)",
          "Microsoft.Extensions.Caching.SqlServer": "[2.1.1, 2.2.0)",
          "Microsoft.Extensions.Configuration": "[2.1.1, 2.2.0)",
          "Microsoft.Extensions.Configuration.Abstractions": "[2.1.1, 2.2.0)",
          "Microsoft.Extensions.Configuration.Binder": "[2.1.1, 2.2.0)",
          "Microsoft.Extensions.Configuration.CommandLine": "[2.1.1, 2.2.0)",
          "Microsoft.Extensions.Configuration.EnvironmentVariables": "[2.1.1, 2.2.0)",
          "Microsoft.Extensions.Configuration.FileExtensions": "[2.1.1, 2.2.0)",
          "Microsoft.Extensions.Configuration.Ini": "[2.1.1, 2.2.0)",
          "Microsoft.Extensions.Configuration.Json": "[2.1.1, 2.2.0)",
          "Microsoft.Extensions.Configuration.KeyPerFile": "[2.1.1, 2.2.0)",
          "Microsoft.Extensions.Configuration.UserSecrets": "[2.1.1, 2.2.0)",
          "Microsoft.Extensions.Configuration.Xml": "[2.1.1, 2.2.0)",
          "Microsoft.Extensions.DependencyInjection": "[2.1.1, 2.2.0)",
          "Microsoft.Extensions.DependencyInjection.Abstractions": "[2.1.1, 2.2.0)",
          "Microsoft.Extensions.DiagnosticAdapter": "[2.1.0, 2.2.0)",
          "Microsoft.Extensions.FileProviders.Abstractions": "[2.1.1, 2.2.0)",
          "Microsoft.Extensions.FileProviders.Composite": "[2.1.1, 2.2.0)",
          "Microsoft.Extensions.FileProviders.Embedded": "[2.1.1, 2.2.0)",
          "Microsoft.Extensions.FileProviders.Physical": "[2.1.1, 2.2.0)",
          "Microsoft.Extensions.FileSystemGlobbing": "[2.1.1, 2.2.0)",
          "Microsoft.Extensions.Hosting": "[2.1.1, 2.2.0)",
          "Microsoft.Extensions.Hosting.Abstractions": "[2.1.1, 2.2.0)",
          "Microsoft.Extensions.Http": "[2.1.1, 2.2.0)",
          "Microsoft.Extensions.Identity.Core": "[2.1.1, 2.2.0)",
          "Microsoft.Extensions.Identity.Stores": "[2.1.1, 2.2.0)",
          "Microsoft.Extensions.Localization": "[2.1.1, 2.2.0)",
          "Microsoft.Extensions.Localization.Abstractions": "[2.1.1, 2.2.0)",
          "Microsoft.Extensions.Logging": "[2.1.1, 2.2.0)",
          "Microsoft.Extensions.Logging.Abstractions": "[2.1.1, 2.2.0)",
          "Microsoft.Extensions.Logging.Configuration": "[2.1.1, 2.2.0)",
          "Microsoft.Extensions.Logging.Console": "[2.1.1, 2.2.0)",
          "Microsoft.Extensions.Logging.Debug": "[2.1.1, 2.2.0)",
          "Microsoft.Extensions.Logging.EventSource": "[2.1.1, 2.2.0)",
          "Microsoft.Extensions.Logging.TraceSource": "[2.1.1, 2.2.0)",
          "Microsoft.Extensions.ObjectPool": "[2.1.1, 2.2.0)",
          "Microsoft.Extensions.Options": "[2.1.1, 2.2.0)",
          "Microsoft.Extensions.Options.ConfigurationExtensions": "[2.1.1, 2.2.0)",
          "Microsoft.Extensions.Primitives": "[2.1.1, 2.2.0)",
          "Microsoft.Extensions.WebEncoders": "[2.1.1, 2.2.0)",
          "Microsoft.Net.Http.Headers": "[2.1.1, 2.2.0)"
        }
      },
      "Microsoft.AspNetCore.Razor.Design": {
        "type": "Direct",
        "requested": "[2.1.2, )",
        "resolved": "2.1.2",
        "contentHash": "ab4+TZw3Sxqrr5TwrwVyABeQkhSxYMJXgG6yZw7T+r6Vz+hcOt+pK79o15ESG7kZvWAK9wRG7emnTIia5O6R1Q=="
      },
      "Microsoft.AspNetCore.SpaServices.Extensions": {
        "type": "Direct",
        "requested": "[2.1.1, )",
        "resolved": "2.1.1",
        "contentHash": "xpMbtgKWD6aDRfb8znqm/uhPIiaws4m+Mv6ezGB0wIajvGCsHc/CQVMSB5N1Cj/AZY8GO2THRd+4zdSS1D5Dfg==",
        "dependencies": {
          "Microsoft.AspNetCore.SpaServices": "2.1.1",
          "Microsoft.AspNetCore.StaticFiles": "2.1.1",
          "Microsoft.AspNetCore.WebSockets": "2.1.1",
          "Microsoft.Extensions.FileProviders.Physical": "2.1.1"
        }
      },
      "Microsoft.Azure.CognitiveServices.Personalizer": {
        "type": "Direct",
        "requested": "[0.8.0-preview, )",
        "resolved": "0.8.0-preview",
        "contentHash": "uDmTKfLL7X4efflqihuN2wtElOiFic6r6SlTXrTXCN1WO56IkZRdG7tfoiLHmSUT8f3uPZGVIjSFWQrmh+Touw==",
        "dependencies": {
          "Microsoft.Rest.ClientRuntime": "[2.3.19, 3.0.0)",
          "Microsoft.Rest.ClientRuntime.Azure": "[3.3.19, 4.0.0)",
          "Newtonsoft.Json": "10.0.3",
          "System.Net.Http": "4.3.0"
        }
      },
      "Microsoft.Azure.Storage.Blob": {
        "type": "Direct",
        "requested": "[11.0.0, )",
        "resolved": "11.0.0",
        "contentHash": "9+6gBDQsCe8YJh7M9rNa6UQKnM2LRE+/k/VJgvb1FotI7WUXpkHRERHrCa9yutoDuKDqzWvub9jcYwJJqGB0rQ==",
        "dependencies": {
          "Microsoft.Azure.Storage.Common": "11.0.0",
          "NETStandard.Library": "2.0.1"
        }
      },
      "Microsoft.ML.OnnxRuntime": {
        "type": "Direct",
        "requested": "[0.5.1, )",
        "resolved": "0.5.1",
        "contentHash": "xe91hGOas925grEj66gmOkDqqFSCIOXImBvdEk9VcgFDZs+LtR5UhDbTKaJg7hMo4IuLxhdv6RYuerW/aOkR0w==",
        "dependencies": {
          "NETStandard.Library": "1.6.1",
          "System.Numerics.Tensors": "0.1.0"
        }
      },
      "Microsoft.NETCore.App": {
        "type": "Direct",
        "requested": "[2.1.0, )",
        "resolved": "2.1.0",
        "contentHash": "AvT774nTFgU8cYcGO9j1EMwuayKslxqYTurg32HGpWa2hEYNuW2+XgYVVNcZe6Ndbr84QX6fwaOZfd5n+1m2OA==",
        "dependencies": {
          "Microsoft.NETCore.DotNetHostPolicy": "2.1.0",
          "Microsoft.NETCore.Platforms": "2.1.0",
          "Microsoft.NETCore.Targets": "2.1.0",
          "NETStandard.Library": "2.0.3"
        }
      },
      "MongoDB.Driver": {
        "type": "Direct",
        "requested": "[2.8.1, )",
        "resolved": "2.8.1",
        "contentHash": "bmSL+w5P7k30AK9KKSOqzki845iHi+ul5ifp/mF977DjrBKn5ybmSuMoMjzyDzfXIH15cbPn19HnpAH8tnstUw==",
        "dependencies": {
          "MongoDB.Bson": "2.8.1",
          "MongoDB.Driver.Core": "2.8.1",
          "NETStandard.Library": "1.6.1",
          "System.ComponentModel.TypeConverter": "4.1.0",
          "System.Linq.Queryable": "4.0.1"
        }
      },
      "SixLabors.ImageSharp": {
        "type": "Direct",
        "requested": "[1.0.0-beta0006, )",
        "resolved": "1.0.0-beta0006",
        "contentHash": "VHDX00uAzPWj5qFYE5xJZyr5Cx4Jtd3p2dfX7swSrzlQoPEZPXXwQ+O3Fc4hNWvaNvR1NAiXSb27Ts6yv3lMDw==",
        "dependencies": {
          "SixLabors.Core": "1.0.0-beta0007",
          "System.Runtime.CompilerServices.Unsafe": "4.5.1"
        }
      }
    }
  }
}